
Microsoft Visual Studio Solution File, Format Version 12.00
# Visual Studio Version 17
VisualStudioVersion = 17.13.35931.197
MinimumVisualStudioVersion = 10.0.40219.1
Project("{2150E333-8FDC-42A3-9474-1A3956D46DE8}") = "src", "src", "{02EA681E-C7D8-13C7-8484-4AC65E1B71E8}"
EndProject
Project("{FAE04EC0-301F-11D3-BF4B-00C04F79EFBC}") = "FIAP.CloudGames.API", "FIAP.CloudGames.API\FIAP.CloudGames.API.csproj", "{B44DAA2D-77BB-495E-B83D-BA881C60DBF4}"
EndProject
Project("{FAE04EC0-301F-11D3-BF4B-00C04F79EFBC}") = "FIAP.CloudGames.Domain", "FIAP.CloudGames.Domain\FIAP.CloudGames.Domain.csproj", "{A36E2B5B-74D9-4692-BB24-0761C73AB153}"
EndProject
Project("{FAE04EC0-301F-11D3-BF4B-00C04F79EFBC}") = "FIAP.CloudGames.Application", "FIAP.CloudGames.Application\FIAP.CloudGames.Application.csproj", "{82382669-2183-4BC0-83C8-0E8DC756728D}"
EndProject
Project("{FAE04EC0-301F-11D3-BF4B-00C04F79EFBC}") = "FIAP.CloudGames.Infra", "FIAP.CloudGames.Infra\FIAP.CloudGames.Infra.csproj", "{A0186516-3FE0-4D03-A3CA-906DB52B32B9}"
EndProject
Project("{FAE04EC0-301F-11D3-BF4B-00C04F79EFBC}") = "FIAP.CloudGames.Tests", "FIAP.CloudGames.Tests\FIAP.CloudGames.Tests.csproj", "{EE92ED62-62E6-43B2-8A56-01A12DFEC474}"
EndProject
Project("{2150E333-8FDC-42A3-9474-1A3956D46DE8}") = "ApiGateways", "ApiGateways", "{D6837484-C6B6-4BAB-A8EA-487EB82DF4FB}"
EndProject
Project("{2150E333-8FDC-42A3-9474-1A3956D46DE8}") = "Building Blocks", "Building Blocks", "{9C61C1DF-3CA5-408B-B595-9AE929B38C04}"
EndProject
Project("{2150E333-8FDC-42A3-9474-1A3956D46DE8}") = "Core", "Core", "{5FF20C5C-09E3-45DB-8E37-1426C3131401}"
EndProject
Project("{2150E333-8FDC-42A3-9474-1A3956D46DE8}") = "MessageBus", "MessageBus", "{AF97EF86-44F9-4977-9B02-09AA860531A4}"
EndProject
Project("{2150E333-8FDC-42A3-9474-1A3956D46DE8}") = "Services", "Services", "{0593AD95-BD66-4CF2-8221-E7E66E19C1E1}"
EndProject
Project("{2150E333-8FDC-42A3-9474-1A3956D46DE8}") = "Services", "Services", "{006C1B10-0086-4968-AA00-32802FE7C603}"
EndProject
Project("{2150E333-8FDC-42A3-9474-1A3956D46DE8}") = "Payment", "Payment", "{65158200-07AE-4499-92BD-CDF9289E729A}"
EndProject
Project("{2150E333-8FDC-42A3-9474-1A3956D46DE8}") = "Identity", "Identity", "{C2413251-2C3F-4A27-A9A7-B924BC4CB653}"
EndProject
Project("{2150E333-8FDC-42A3-9474-1A3956D46DE8}") = "Catalog", "Catalog", "{3626F55E-F1A3-4026-A651-FAF9925381C8}"
EndProject
Project("{2150E333-8FDC-42A3-9474-1A3956D46DE8}") = "Orders", "Orders", "{8AB24FA4-05B6-462F-915F-B486891169B0}"
EndProject
Project("{FAE04EC0-301F-11D3-BF4B-00C04F79EFBC}") = "FIAP.CloudGames.Bff.Orders", "src\api gateways\FIAP.CloudGames.Bff.Orders\FIAP.CloudGames.Bff.Orders.csproj", "{27F157E4-1A43-471A-A947-6C004CDB027A}"
EndProject
Project("{FAE04EC0-301F-11D3-BF4B-00C04F79EFBC}") = "FIAP.CloudGames.Core", "src\building blocks\FIAP.CloudGames.Core\FIAP.CloudGames.Core.csproj", "{398E6CF1-F407-4394-B919-0610A3E00C07}"
EndProject
Project("{FAE04EC0-301F-11D3-BF4B-00C04F79EFBC}") = "FIAP.CloudGames.MessageBus", "src\building blocks\FIAP.CloudGames.MessageBus\FIAP.CloudGames.MessageBus.csproj", "{594CE5BD-C8DF-43D2-881C-764CFE324A7D}"
EndProject
Project("{FAE04EC0-301F-11D3-BF4B-00C04F79EFBC}") = "FIAP.CloudGames.WebAPI.Core", "src\building blocks\FIAP.CloudGames.WebAPI.Core\FIAP.CloudGames.WebAPI.Core.csproj", "{4867E5F6-3846-485C-BADF-9DFD6E1333B6}"
EndProject
Project("{FAE04EC0-301F-11D3-BF4B-00C04F79EFBC}") = "FIAP.CloudGames.Catalog.API", "src\services\FIAP.CloudGames.Catalog.API\FIAP.CloudGames.Catalog.API.csproj", "{890DB93C-17A6-489B-A9C4-B9146E882340}"
EndProject
Project("{FAE04EC0-301F-11D3-BF4B-00C04F79EFBC}") = "FIAP.CloudGames.Identity.API", "src\services\FIAP.CloudGames.Identity.API\FIAP.CloudGames.Identity.API.csproj", "{17212786-8E17-410A-B07B-10034ACB2B42}"
EndProject
Project("{FAE04EC0-301F-11D3-BF4B-00C04F79EFBC}") = "FIAP.CloudGames.Payment.API", "src\services\FIAP.CloudGames.Payment.API\FIAP.CloudGames.Payment.API.csproj", "{58FC1EB1-5BB2-4977-ADB6-724BBA59A205}"
EndProject
Project("{2150E333-8FDC-42A3-9474-1A3956D46DE8}") = "Cart", "Cart", "{42536C15-5491-462A-BD89-C54C2F09F7F1}"
EndProject
Project("{FAE04EC0-301F-11D3-BF4B-00C04F79EFBC}") = "FIAP.CloudGames.Cart.API", "src\services\FIAP.CloudGames.Cart.API\FIAP.CloudGames.Cart.API.csproj", "{A4624B71-F1E1-4508-A144-6289B202BFD5}"
EndProject
Project("{FAE04EC0-301F-11D3-BF4B-00C04F79EFBC}") = "FIAP.CloudGames.FakePayment", "src\services\FIAP.CloudGames.FakePayment\FIAP.CloudGames.FakePayment.csproj", "{5750E1ED-DC4E-40C3-8F6E-F895D7874369}"
EndProject
Project("{2150E333-8FDC-42A3-9474-1A3956D46DE8}") = "Order", "Order", "{95B05AB3-8CDD-4B24-8738-9F1A1BB7E901}"
EndProject
Project("{FAE04EC0-301F-11D3-BF4B-00C04F79EFBC}") = "FIAP.CloudGames.Order.API", "src\services\FIAP.CloudGames.Order.API\FIAP.CloudGames.Order.API.csproj", "{E7D93C16-5E9B-4A68-9858-FF6DD2767430}"
EndProject
Project("{FAE04EC0-301F-11D3-BF4B-00C04F79EFBC}") = "FIAP.CloudGames.Order.Domain", "src\services\FIAP.CloudGames.Order.Domain\FIAP.CloudGames.Order.Domain.csproj", "{0C6C46D5-8530-4B7D-A9A7-EAD850772488}"
EndProject
Project("{FAE04EC0-301F-11D3-BF4B-00C04F79EFBC}") = "FIAP.CloudGames.Order.Infra", "src\services\FIAP.CloudGames.Order.Infra\FIAP.CloudGames.Order.Infra.csproj", "{84F67E3E-284D-42B4-957E-DABEF1F8A93F}"
EndProject
Project("{2150E333-8FDC-42A3-9474-1A3956D46DE8}") = "Customer", "Customer", "{3D989BA5-FFA7-4EB2-9261-82850785550F}"
EndProject
Project("{FAE04EC0-301F-11D3-BF4B-00C04F79EFBC}") = "FIAP.CloudGames.Customer.API", "src\services\FIAP.CloudGames.Customer.API\FIAP.CloudGames.Customer.API.csproj", "{E6E249EB-7BB8-461F-8068-31DED47899CA}"
EndProject
Global
	GlobalSection(SolutionConfigurationPlatforms) = preSolution
		Debug|Any CPU = Debug|Any CPU
		Release|Any CPU = Release|Any CPU
	EndGlobalSection
	GlobalSection(ProjectConfigurationPlatforms) = postSolution
		{B44DAA2D-77BB-495E-B83D-BA881C60DBF4}.Debug|Any CPU.ActiveCfg = Debug|Any CPU
		{B44DAA2D-77BB-495E-B83D-BA881C60DBF4}.Debug|Any CPU.Build.0 = Debug|Any CPU
		{B44DAA2D-77BB-495E-B83D-BA881C60DBF4}.Release|Any CPU.ActiveCfg = Release|Any CPU
		{B44DAA2D-77BB-495E-B83D-BA881C60DBF4}.Release|Any CPU.Build.0 = Release|Any CPU
		{A36E2B5B-74D9-4692-BB24-0761C73AB153}.Debug|Any CPU.ActiveCfg = Debug|Any CPU
		{A36E2B5B-74D9-4692-BB24-0761C73AB153}.Debug|Any CPU.Build.0 = Debug|Any CPU
		{A36E2B5B-74D9-4692-BB24-0761C73AB153}.Release|Any CPU.ActiveCfg = Release|Any CPU
		{A36E2B5B-74D9-4692-BB24-0761C73AB153}.Release|Any CPU.Build.0 = Release|Any CPU
		{82382669-2183-4BC0-83C8-0E8DC756728D}.Debug|Any CPU.ActiveCfg = Debug|Any CPU
		{82382669-2183-4BC0-83C8-0E8DC756728D}.Debug|Any CPU.Build.0 = Debug|Any CPU
		{82382669-2183-4BC0-83C8-0E8DC756728D}.Release|Any CPU.ActiveCfg = Release|Any CPU
		{82382669-2183-4BC0-83C8-0E8DC756728D}.Release|Any CPU.Build.0 = Release|Any CPU
		{A0186516-3FE0-4D03-A3CA-906DB52B32B9}.Debug|Any CPU.ActiveCfg = Debug|Any CPU
		{A0186516-3FE0-4D03-A3CA-906DB52B32B9}.Debug|Any CPU.Build.0 = Debug|Any CPU
		{A0186516-3FE0-4D03-A3CA-906DB52B32B9}.Release|Any CPU.ActiveCfg = Release|Any CPU
		{A0186516-3FE0-4D03-A3CA-906DB52B32B9}.Release|Any CPU.Build.0 = Release|Any CPU
		{EE92ED62-62E6-43B2-8A56-01A12DFEC474}.Debug|Any CPU.ActiveCfg = Debug|Any CPU
		{EE92ED62-62E6-43B2-8A56-01A12DFEC474}.Debug|Any CPU.Build.0 = Debug|Any CPU
		{EE92ED62-62E6-43B2-8A56-01A12DFEC474}.Release|Any CPU.ActiveCfg = Release|Any CPU
		{EE92ED62-62E6-43B2-8A56-01A12DFEC474}.Release|Any CPU.Build.0 = Release|Any CPU
		{27F157E4-1A43-471A-A947-6C004CDB027A}.Debug|Any CPU.ActiveCfg = Debug|Any CPU
		{27F157E4-1A43-471A-A947-6C004CDB027A}.Debug|Any CPU.Build.0 = Debug|Any CPU
		{27F157E4-1A43-471A-A947-6C004CDB027A}.Release|Any CPU.ActiveCfg = Release|Any CPU
		{27F157E4-1A43-471A-A947-6C004CDB027A}.Release|Any CPU.Build.0 = Release|Any CPU
		{398E6CF1-F407-4394-B919-0610A3E00C07}.Debug|Any CPU.ActiveCfg = Debug|Any CPU
		{398E6CF1-F407-4394-B919-0610A3E00C07}.Debug|Any CPU.Build.0 = Debug|Any CPU
		{398E6CF1-F407-4394-B919-0610A3E00C07}.Release|Any CPU.ActiveCfg = Release|Any CPU
		{398E6CF1-F407-4394-B919-0610A3E00C07}.Release|Any CPU.Build.0 = Release|Any CPU
		{594CE5BD-C8DF-43D2-881C-764CFE324A7D}.Debug|Any CPU.ActiveCfg = Debug|Any CPU
		{594CE5BD-C8DF-43D2-881C-764CFE324A7D}.Debug|Any CPU.Build.0 = Debug|Any CPU
		{594CE5BD-C8DF-43D2-881C-764CFE324A7D}.Release|Any CPU.ActiveCfg = Release|Any CPU
		{594CE5BD-C8DF-43D2-881C-764CFE324A7D}.Release|Any CPU.Build.0 = Release|Any CPU
		{4867E5F6-3846-485C-BADF-9DFD6E1333B6}.Debug|Any CPU.ActiveCfg = Debug|Any CPU
		{4867E5F6-3846-485C-BADF-9DFD6E1333B6}.Debug|Any CPU.Build.0 = Debug|Any CPU
		{4867E5F6-3846-485C-BADF-9DFD6E1333B6}.Release|Any CPU.ActiveCfg = Release|Any CPU
		{4867E5F6-3846-485C-BADF-9DFD6E1333B6}.Release|Any CPU.Build.0 = Release|Any CPU
		{890DB93C-17A6-489B-A9C4-B9146E882340}.Debug|Any CPU.ActiveCfg = Debug|Any CPU
		{890DB93C-17A6-489B-A9C4-B9146E882340}.Debug|Any CPU.Build.0 = Debug|Any CPU
		{890DB93C-17A6-489B-A9C4-B9146E882340}.Release|Any CPU.ActiveCfg = Release|Any CPU
		{890DB93C-17A6-489B-A9C4-B9146E882340}.Release|Any CPU.Build.0 = Release|Any CPU
		{17212786-8E17-410A-B07B-10034ACB2B42}.Debug|Any CPU.ActiveCfg = Debug|Any CPU
		{17212786-8E17-410A-B07B-10034ACB2B42}.Debug|Any CPU.Build.0 = Debug|Any CPU
		{17212786-8E17-410A-B07B-10034ACB2B42}.Release|Any CPU.ActiveCfg = Release|Any CPU
		{17212786-8E17-410A-B07B-10034ACB2B42}.Release|Any CPU.Build.0 = Release|Any CPU
		{58FC1EB1-5BB2-4977-ADB6-724BBA59A205}.Debug|Any CPU.ActiveCfg = Debug|Any CPU
		{58FC1EB1-5BB2-4977-ADB6-724BBA59A205}.Debug|Any CPU.Build.0 = Debug|Any CPU
		{58FC1EB1-5BB2-4977-ADB6-724BBA59A205}.Release|Any CPU.ActiveCfg = Release|Any CPU
		{58FC1EB1-5BB2-4977-ADB6-724BBA59A205}.Release|Any CPU.Build.0 = Release|Any CPU
		{A4624B71-F1E1-4508-A144-6289B202BFD5}.Debug|Any CPU.ActiveCfg = Debug|Any CPU
		{A4624B71-F1E1-4508-A144-6289B202BFD5}.Debug|Any CPU.Build.0 = Debug|Any CPU
		{A4624B71-F1E1-4508-A144-6289B202BFD5}.Release|Any CPU.ActiveCfg = Release|Any CPU
		{A4624B71-F1E1-4508-A144-6289B202BFD5}.Release|Any CPU.Build.0 = Release|Any CPU
		{5750E1ED-DC4E-40C3-8F6E-F895D7874369}.Debug|Any CPU.ActiveCfg = Debug|Any CPU
		{5750E1ED-DC4E-40C3-8F6E-F895D7874369}.Debug|Any CPU.Build.0 = Debug|Any CPU
		{5750E1ED-DC4E-40C3-8F6E-F895D7874369}.Release|Any CPU.ActiveCfg = Release|Any CPU
		{5750E1ED-DC4E-40C3-8F6E-F895D7874369}.Release|Any CPU.Build.0 = Release|Any CPU
		{E7D93C16-5E9B-4A68-9858-FF6DD2767430}.Debug|Any CPU.ActiveCfg = Debug|Any CPU
		{E7D93C16-5E9B-4A68-9858-FF6DD2767430}.Debug|Any CPU.Build.0 = Debug|Any CPU
		{E7D93C16-5E9B-4A68-9858-FF6DD2767430}.Release|Any CPU.ActiveCfg = Release|Any CPU
		{E7D93C16-5E9B-4A68-9858-FF6DD2767430}.Release|Any CPU.Build.0 = Release|Any CPU
		{0C6C46D5-8530-4B7D-A9A7-EAD850772488}.Debug|Any CPU.ActiveCfg = Debug|Any CPU
		{0C6C46D5-8530-4B7D-A9A7-EAD850772488}.Debug|Any CPU.Build.0 = Debug|Any CPU
		{0C6C46D5-8530-4B7D-A9A7-EAD850772488}.Release|Any CPU.ActiveCfg = Release|Any CPU
		{0C6C46D5-8530-4B7D-A9A7-EAD850772488}.Release|Any CPU.Build.0 = Release|Any CPU
		{84F67E3E-284D-42B4-957E-DABEF1F8A93F}.Debug|Any CPU.ActiveCfg = Debug|Any CPU
		{84F67E3E-284D-42B4-957E-DABEF1F8A93F}.Debug|Any CPU.Build.0 = Debug|Any CPU
		{84F67E3E-284D-42B4-957E-DABEF1F8A93F}.Release|Any CPU.ActiveCfg = Release|Any CPU
		{84F67E3E-284D-42B4-957E-DABEF1F8A93F}.Release|Any CPU.Build.0 = Release|Any CPU
		{E6E249EB-7BB8-461F-8068-31DED47899CA}.Debug|Any CPU.ActiveCfg = Debug|Any CPU
		{E6E249EB-7BB8-461F-8068-31DED47899CA}.Debug|Any CPU.Build.0 = Debug|Any CPU
		{E6E249EB-7BB8-461F-8068-31DED47899CA}.Release|Any CPU.ActiveCfg = Release|Any CPU
		{E6E249EB-7BB8-461F-8068-31DED47899CA}.Release|Any CPU.Build.0 = Release|Any CPU
	EndGlobalSection
	GlobalSection(SolutionProperties) = preSolution
		HideSolutionNode = FALSE
	EndGlobalSection
	GlobalSection(NestedProjects) = preSolution
		{B44DAA2D-77BB-495E-B83D-BA881C60DBF4} = {02EA681E-C7D8-13C7-8484-4AC65E1B71E8}
		{A36E2B5B-74D9-4692-BB24-0761C73AB153} = {02EA681E-C7D8-13C7-8484-4AC65E1B71E8}
		{82382669-2183-4BC0-83C8-0E8DC756728D} = {02EA681E-C7D8-13C7-8484-4AC65E1B71E8}
		{A0186516-3FE0-4D03-A3CA-906DB52B32B9} = {02EA681E-C7D8-13C7-8484-4AC65E1B71E8}
		{EE92ED62-62E6-43B2-8A56-01A12DFEC474} = {02EA681E-C7D8-13C7-8484-4AC65E1B71E8}
		{D6837484-C6B6-4BAB-A8EA-487EB82DF4FB} = {02EA681E-C7D8-13C7-8484-4AC65E1B71E8}
		{9C61C1DF-3CA5-408B-B595-9AE929B38C04} = {02EA681E-C7D8-13C7-8484-4AC65E1B71E8}
		{5FF20C5C-09E3-45DB-8E37-1426C3131401} = {9C61C1DF-3CA5-408B-B595-9AE929B38C04}
		{AF97EF86-44F9-4977-9B02-09AA860531A4} = {9C61C1DF-3CA5-408B-B595-9AE929B38C04}
		{0593AD95-BD66-4CF2-8221-E7E66E19C1E1} = {9C61C1DF-3CA5-408B-B595-9AE929B38C04}
		{006C1B10-0086-4968-AA00-32802FE7C603} = {02EA681E-C7D8-13C7-8484-4AC65E1B71E8}
		{65158200-07AE-4499-92BD-CDF9289E729A} = {006C1B10-0086-4968-AA00-32802FE7C603}
		{C2413251-2C3F-4A27-A9A7-B924BC4CB653} = {006C1B10-0086-4968-AA00-32802FE7C603}
		{3626F55E-F1A3-4026-A651-FAF9925381C8} = {006C1B10-0086-4968-AA00-32802FE7C603}
		{8AB24FA4-05B6-462F-915F-B486891169B0} = {D6837484-C6B6-4BAB-A8EA-487EB82DF4FB}
		{27F157E4-1A43-471A-A947-6C004CDB027A} = {8AB24FA4-05B6-462F-915F-B486891169B0}
		{398E6CF1-F407-4394-B919-0610A3E00C07} = {5FF20C5C-09E3-45DB-8E37-1426C3131401}
		{594CE5BD-C8DF-43D2-881C-764CFE324A7D} = {AF97EF86-44F9-4977-9B02-09AA860531A4}
		{4867E5F6-3846-485C-BADF-9DFD6E1333B6} = {0593AD95-BD66-4CF2-8221-E7E66E19C1E1}
		{890DB93C-17A6-489B-A9C4-B9146E882340} = {3626F55E-F1A3-4026-A651-FAF9925381C8}
		{17212786-8E17-410A-B07B-10034ACB2B42} = {C2413251-2C3F-4A27-A9A7-B924BC4CB653}
		{58FC1EB1-5BB2-4977-ADB6-724BBA59A205} = {65158200-07AE-4499-92BD-CDF9289E729A}
		{42536C15-5491-462A-BD89-C54C2F09F7F1} = {006C1B10-0086-4968-AA00-32802FE7C603}
		{A4624B71-F1E1-4508-A144-6289B202BFD5} = {42536C15-5491-462A-BD89-C54C2F09F7F1}
		{5750E1ED-DC4E-40C3-8F6E-F895D7874369} = {65158200-07AE-4499-92BD-CDF9289E729A}
		{95B05AB3-8CDD-4B24-8738-9F1A1BB7E901} = {006C1B10-0086-4968-AA00-32802FE7C603}
		{E7D93C16-5E9B-4A68-9858-FF6DD2767430} = {95B05AB3-8CDD-4B24-8738-9F1A1BB7E901}
		{0C6C46D5-8530-4B7D-A9A7-EAD850772488} = {95B05AB3-8CDD-4B24-8738-9F1A1BB7E901}
		{84F67E3E-284D-42B4-957E-DABEF1F8A93F} = {95B05AB3-8CDD-4B24-8738-9F1A1BB7E901}
		{3D989BA5-FFA7-4EB2-9261-82850785550F} = {006C1B10-0086-4968-AA00-32802FE7C603}
		{E6E249EB-7BB8-461F-8068-31DED47899CA} = {3D989BA5-FFA7-4EB2-9261-82850785550F}
	EndGlobalSection
	GlobalSection(ExtensibilityGlobals) = postSolution
		SolutionGuid = {7517BC1A-978B-4923-9E9E-5185117C1307}
	EndGlobalSection
EndGlobal
