Microsoft Visual Studio Solution File, Format Version 12.00
# Visual Studio Version 17
VisualStudioVersion = 17.0.31912.275
MinimumVisualStudioVersion = 10.0.40219.1
Project("{FAE04EC0-301F-11D3-BF4B-00C04F79EFBC}") = "CloudGames.Users", "..\services\CloudGames.Users\CloudGames.Users\CloudGames.Users.csproj", "{A1B1C2D3-E4F5-6789-ABCD-111111111111}"
EndProject
Project("{FAE04EC0-301F-11D3-BF4B-00C04F79EFBC}") = "CloudGames.Games", "..\services\CloudGames.Games\CloudGames.Games\CloudGames.Games.csproj", "{A1B1C2D3-E4F5-6789-ABCD-222222222222}"
EndProject
Project("{FAE04EC0-301F-11D3-BF4B-00C04F79EFBC}") = "CloudGames.Payments", "..\services\CloudGames.Payments\CloudGames.Payments\CloudGames.Payments.csproj", "{A1B1C2D3-E4F5-6789-ABCD-333333333333}"
EndProject
Project("{FAE04EC0-301F-11D3-BF4B-00C04F79EFBC}") = "CloudGames.Functions", "..\services\CloudGames.Functions\CloudGames.Functions\CloudGames.Functions.csproj", "{A1B1C2D3-E4F5-6789-ABCD-444444444444}"
EndProject
Project("{FAE04EC0-301F-11D3-BF4B-00C04F79EFBC}") = "CloudGames.Users.Tests", "..\services\CloudGames.Users\tests\CloudGames.Users.Tests\CloudGames.Users.Tests.csproj", "{A1B1C2D3-E4F5-6789-ABCD-555555555555}"
EndProject
Project("{FAE04EC0-301F-11D3-BF4B-00C04F79EFBC}") = "CloudGames.Games.Tests", "..\services\CloudGames.Games\tests\CloudGames.Games.Tests\CloudGames.Games.Tests.csproj", "{A1B1C2D3-E4F5-6789-ABCD-666666666666}"
EndProject
Project("{FAE04EC0-301F-11D3-BF4B-00C04F79EFBC}") = "CloudGames.Payments.Tests", "..\services\CloudGames.Payments\tests\CloudGames.Payments.Tests\CloudGames.Payments.Tests.csproj", "{A1B1C2D3-E4F5-6789-ABCD-777777777777}"
EndProject
Project("{FAE04EC0-301F-11D3-BF4B-00C04F79EFBC}") = "CloudGames.Functions.Tests", "..\services\CloudGames.Functions\tests\CloudGames.Functions.Tests\CloudGames.Functions.Tests.csproj", "{A1B1C2D3-E4F5-6789-ABCD-888888888888}"
EndProject
Global
	GlobalSection(SolutionConfigurationPlatforms) = preSolution
		Debug|Any CPU = Debug|Any CPU
		Release|Any CPU = Release|Any CPU
	EndGlobalSection
	GlobalSection(ProjectConfigurationPlatforms) = postSolution
		{A1B1C2D3-E4F5-6789-ABCD-111111111111}.Debug|Any CPU.ActiveCfg = Debug|Any CPU
		{A1B1C2D3-E4F5-6789-ABCD-111111111111}.Debug|Any CPU.Build.0 = Debug|Any CPU
		{A1B1C2D3-E4F5-6789-ABCD-111111111111}.Release|Any CPU.ActiveCfg = Release|Any CPU
		{A1B1C2D3-E4F5-6789-ABCD-111111111111}.Release|Any CPU.Build.0 = Release|Any CPU
		{A1B1C2D3-E4F5-6789-ABCD-222222222222}.Debug|Any CPU.ActiveCfg = Debug|Any CPU
		{A1B1C2D3-E4F5-6789-ABCD-222222222222}.Debug|Any CPU.Build.0 = Debug|Any CPU
		{A1B1C2D3-E4F5-6789-ABCD-222222222222}.Release|Any CPU.ActiveCfg = Release|Any CPU
		{A1B1C2D3-E4F5-6789-ABCD-222222222222}.Release|Any CPU.Build.0 = Release|Any CPU
		{A1B1C2D3-E4F5-6789-ABCD-333333333333}.Debug|Any CPU.ActiveCfg = Debug|Any CPU
		{A1B1C2D3-E4F5-6789-ABCD-333333333333}.Debug|Any CPU.Build.0 = Debug|Any CPU
		{A1B1C2D3-E4F5-6789-ABCD-333333333333}.Release|Any CPU.ActiveCfg = Release|Any CPU
		{A1B1C2D3-E4F5-6789-ABCD-333333333333}.Release|Any CPU.Build.0 = Release|Any CPU
		{A1B1C2D3-E4F5-6789-ABCD-444444444444}.Debug|Any CPU.ActiveCfg = Debug|Any CPU
		{A1B1C2D3-E4F5-6789-ABCD-444444444444}.Debug|Any CPU.Build.0 = Debug|Any CPU
		{A1B1C2D3-E4F5-6789-ABCD-444444444444}.Release|Any CPU.ActiveCfg = Release|Any CPU
		{A1B1C2D3-E4F5-6789-ABCD-444444444444}.Release|Any CPU.Build.0 = Release|Any CPU
		{A1B1C2D3-E4F5-6789-ABCD-555555555555}.Debug|Any CPU.ActiveCfg = Debug|Any CPU
		{A1B1C2D3-E4F5-6789-ABCD-555555555555}.Debug|Any CPU.Build.0 = Debug|Any CPU
		{A1B1C2D3-E4F5-6789-ABCD-555555555555}.Release|Any CPU.ActiveCfg = Release|Any CPU
		{A1B1C2D3-E4F5-6789-ABCD-555555555555}.Release|Any CPU.Build.0 = Release|Any CPU
		{A1B1C2D3-E4F5-6789-ABCD-666666666666}.Debug|Any CPU.ActiveCfg = Debug|Any CPU
		{A1B1C2D3-E4F5-6789-ABCD-666666666666}.Debug|Any CPU.Build.0 = Debug|Any CPU
		{A1B1C2D3-E4F5-6789-ABCD-666666666666}.Release|Any CPU.ActiveCfg = Release|Any CPU
		{A1B1C2D3-E4F5-6789-ABCD-666666666666}.Release|Any CPU.Build.0 = Release|Any CPU
		{A1B1C2D3-E4F5-6789-ABCD-777777777777}.Debug|Any CPU.ActiveCfg = Debug|Any CPU
		{A1B1C2D3-E4F5-6789-ABCD-777777777777}.Debug|Any CPU.Build.0 = Debug|Any CPU
		{A1B1C2D3-E4F5-6789-ABCD-777777777777}.Release|Any CPU.ActiveCfg = Release|Any CPU
		{A1B1C2D3-E4F5-6789-ABCD-777777777777}.Release|Any CPU.Build.0 = Release|Any CPU
		{A1B1C2D3-E4F5-6789-ABCD-888888888888}.Debug|Any CPU.ActiveCfg = Debug|Any CPU
		{A1B1C2D3-E4F5-6789-ABCD-888888888888}.Debug|Any CPU.Build.0 = Debug|Any CPU
		{A1B1C2D3-E4F5-6789-ABCD-888888888888}.Release|Any CPU.ActiveCfg = Release|Any CPU
		{A1B1C2D3-E4F5-6789-ABCD-888888888888}.Release|Any CPU.Build.0 = Release|Any CPU
	EndGlobalSection
EndGlobal
